// !$*UTF8*$!
{
	archiveVersion = 1;
	classes = {
	};
	objectVersion = 46;
	objects = {

/* Begin PBXBuildFile section */
		4126E8051F4410E1006BBAD6 /* ItemInfo.swift in Sources */ = {isa = PBXBuildFile; fileRef = 4126E8041F4410E1006BBAD6 /* ItemInfo.swift */; };
		4126E8081F44735C006BBAD6 /* LoginViewController.swift in Sources */ = {isa = PBXBuildFile; fileRef = 4126E8071F44735C006BBAD6 /* LoginViewController.swift */; };
		4132C3A61F54291E003910DD /* OrderTableViewCell.swift in Sources */ = {isa = PBXBuildFile; fileRef = 4132C3A51F54291E003910DD /* OrderTableViewCell.swift */; };
		4132C3A81F54293B003910DD /* OrderListViewController.swift in Sources */ = {isa = PBXBuildFile; fileRef = 4132C3A71F54293A003910DD /* OrderListViewController.swift */; };
		4132C3AA1F54480D003910DD /* OrderDetailViewController.swift in Sources */ = {isa = PBXBuildFile; fileRef = 4132C3A91F54480D003910DD /* OrderDetailViewController.swift */; };
		4132C3AC1F546468003910DD /* Storyboard.swift in Sources */ = {isa = PBXBuildFile; fileRef = 4132C3AB1F546468003910DD /* Storyboard.swift */; };
		4132C3B21F547604003910DD /* OrderDetailTableViewCell.swift in Sources */ = {isa = PBXBuildFile; fileRef = 4132C3B11F547604003910DD /* OrderDetailTableViewCell.swift */; };
		418CF4F91F5540E000C12E64 /* AppAllData.swift in Sources */ = {isa = PBXBuildFile; fileRef = 418CF4F81F5540E000C12E64 /* AppAllData.swift */; };
		418CF4FB1F55421100C12E64 /* UserDetail.swift in Sources */ = {isa = PBXBuildFile; fileRef = 418CF4FA1F55421100C12E64 /* UserDetail.swift */; };
		41DA4CF91F43369B0071F982 /* AppDelegate.swift in Sources */ = {isa = PBXBuildFile; fileRef = 41DA4CF81F43369B0071F982 /* AppDelegate.swift */; };
		41DA4CFB1F43369B0071F982 /* ViewController.swift in Sources */ = {isa = PBXBuildFile; fileRef = 41DA4CFA1F43369B0071F982 /* ViewController.swift */; };
		41DA4CFE1F43369B0071F982 /* Main.storyboard in Resources */ = {isa = PBXBuildFile; fileRef = 41DA4CFC1F43369B0071F982 /* Main.storyboard */; };
		41DA4D001F43369B0071F982 /* Assets.xcassets in Resources */ = {isa = PBXBuildFile; fileRef = 41DA4CFF1F43369B0071F982 /* Assets.xcassets */; };
		41DA4D031F43369B0071F982 /* LaunchScreen.storyboard in Resources */ = {isa = PBXBuildFile; fileRef = 41DA4D011F43369B0071F982 /* LaunchScreen.storyboard */; };
		41DA4D0B1F4341BE0071F982 /* GoogleService-Info.plist in Resources */ = {isa = PBXBuildFile; fileRef = 41DA4D0A1F4341BE0071F982 /* GoogleService-Info.plist */; };
		41DA4D0E1F434EF30071F982 /* ItemTableViewCell.swift in Sources */ = {isa = PBXBuildFile; fileRef = 41DA4D0D1F434EF30071F982 /* ItemTableViewCell.swift */; };
		41DA4D101F4353720071F982 /* ItemDetailViewController.swift in Sources */ = {isa = PBXBuildFile; fileRef = 41DA4D0F1F4353720071F982 /* ItemDetailViewController.swift */; };
		41EF9F6C1F67F01900B61AB8 /* Fabric.framework in Frameworks */ = {isa = PBXBuildFile; fileRef = 41EF9F6A1F67F01900B61AB8 /* Fabric.framework */; };
		41EF9F6D1F67F01900B61AB8 /* Crashlytics.framework in Frameworks */ = {isa = PBXBuildFile; fileRef = 41EF9F6B1F67F01900B61AB8 /* Crashlytics.framework */; };
		8E086B1F268DE25AF6F8450C /* Pods_TrollyAppItem.framework in Frameworks */ = {isa = PBXBuildFile; fileRef = DEAC0F7F2C37D3F075AEF8AC /* Pods_TrollyAppItem.framework */; };
/* End PBXBuildFile section */

/* Begin PBXFileReference section */
		3B563EF250B360A2F0BD3591 /* Pods-TrollyAppItem.release.xcconfig */ = {isa = PBXFileReference; includeInIndex = 1; lastKnownFileType = text.xcconfig; name = "Pods-TrollyAppItem.release.xcconfig"; path = "Pods/Target Support Files/Pods-TrollyAppItem/Pods-TrollyAppItem.release.xcconfig"; sourceTree = "<group>"; };
		4114B3271F45C224009DAA47 /* TrollyAppItem-Bridging-Header.h */ = {isa = PBXFileReference; lastKnownFileType = sourcecode.c.h; path = "TrollyAppItem-Bridging-Header.h"; sourceTree = "<group>"; };
		4126E8041F4410E1006BBAD6 /* ItemInfo.swift */ = {isa = PBXFileReference; fileEncoding = 4; lastKnownFileType = sourcecode.swift; path = ItemInfo.swift; sourceTree = "<group>"; };
		4126E8071F44735C006BBAD6 /* LoginViewController.swift */ = {isa = PBXFileReference; fileEncoding = 4; lastKnownFileType = sourcecode.swift; path = LoginViewController.swift; sourceTree = "<group>"; };
		4132C3A51F54291E003910DD /* OrderTableViewCell.swift */ = {isa = PBXFileReference; fileEncoding = 4; lastKnownFileType = sourcecode.swift; path = OrderTableViewCell.swift; sourceTree = "<group>"; };
		4132C3A71F54293A003910DD /* OrderListViewController.swift */ = {isa = PBXFileReference; fileEncoding = 4; lastKnownFileType = sourcecode.swift; path = OrderListViewController.swift; sourceTree = "<group>"; };
		4132C3A91F54480D003910DD /* OrderDetailViewController.swift */ = {isa = PBXFileReference; fileEncoding = 4; lastKnownFileType = sourcecode.swift; path = OrderDetailViewController.swift; sourceTree = "<group>"; };
		4132C3AB1F546468003910DD /* Storyboard.swift */ = {isa = PBXFileReference; fileEncoding = 4; lastKnownFileType = sourcecode.swift; path = Storyboard.swift; sourceTree = "<group>"; };
		4132C3B11F547604003910DD /* OrderDetailTableViewCell.swift */ = {isa = PBXFileReference; fileEncoding = 4; lastKnownFileType = sourcecode.swift; path = OrderDetailTableViewCell.swift; sourceTree = "<group>"; };
		418CF4F81F5540E000C12E64 /* AppAllData.swift */ = {isa = PBXFileReference; fileEncoding = 4; lastKnownFileType = sourcecode.swift; path = AppAllData.swift; sourceTree = "<group>"; };
		418CF4FA1F55421100C12E64 /* UserDetail.swift */ = {isa = PBXFileReference; fileEncoding = 4; lastKnownFileType = sourcecode.swift; path = UserDetail.swift; sourceTree = "<group>"; };
		41DA4CF51F43369B0071F982 /* TrollyAppItem.app */ = {isa = PBXFileReference; explicitFileType = wrapper.application; includeInIndex = 0; path = TrollyAppItem.app; sourceTree = BUILT_PRODUCTS_DIR; };
		41DA4CF81F43369B0071F982 /* AppDelegate.swift */ = {isa = PBXFileReference; lastKnownFileType = sourcecode.swift; path = AppDelegate.swift; sourceTree = "<group>"; };
		41DA4CFA1F43369B0071F982 /* ViewController.swift */ = {isa = PBXFileReference; lastKnownFileType = sourcecode.swift; path = ViewController.swift; sourceTree = "<group>"; };
		41DA4CFD1F43369B0071F982 /* Base */ = {isa = PBXFileReference; lastKnownFileType = file.storyboard; name = Base; path = Base.lproj/Main.storyboard; sourceTree = "<group>"; };
		41DA4CFF1F43369B0071F982 /* Assets.xcassets */ = {isa = PBXFileReference; lastKnownFileType = folder.assetcatalog; path = Assets.xcassets; sourceTree = "<group>"; };
		41DA4D021F43369B0071F982 /* Base */ = {isa = PBXFileReference; lastKnownFileType = file.storyboard; name = Base; path = Base.lproj/LaunchScreen.storyboard; sourceTree = "<group>"; };
		41DA4D041F43369B0071F982 /* Info.plist */ = {isa = PBXFileReference; lastKnownFileType = text.plist.xml; path = Info.plist; sourceTree = "<group>"; };
		41DA4D0A1F4341BE0071F982 /* GoogleService-Info.plist */ = {isa = PBXFileReference; fileEncoding = 4; lastKnownFileType = text.plist.xml; path = "GoogleService-Info.plist"; sourceTree = "<group>"; };
		41DA4D0D1F434EF30071F982 /* ItemTableViewCell.swift */ = {isa = PBXFileReference; fileEncoding = 4; lastKnownFileType = sourcecode.swift; path = ItemTableViewCell.swift; sourceTree = "<group>"; };
		41DA4D0F1F4353720071F982 /* ItemDetailViewController.swift */ = {isa = PBXFileReference; fileEncoding = 4; lastKnownFileType = sourcecode.swift; path = ItemDetailViewController.swift; sourceTree = "<group>"; };
		41EF9F6A1F67F01900B61AB8 /* Fabric.framework */ = {isa = PBXFileReference; lastKnownFileType = wrapper.framework; path = Fabric.framework; sourceTree = "<group>"; };
		41EF9F6B1F67F01900B61AB8 /* Crashlytics.framework */ = {isa = PBXFileReference; lastKnownFileType = wrapper.framework; path = Crashlytics.framework; sourceTree = "<group>"; };
		66B8B904557057461DCAE3D1 /* Pods-TrollyAppItem.debug.xcconfig */ = {isa = PBXFileReference; includeInIndex = 1; lastKnownFileType = text.xcconfig; name = "Pods-TrollyAppItem.debug.xcconfig"; path = "Pods/Target Support Files/Pods-TrollyAppItem/Pods-TrollyAppItem.debug.xcconfig"; sourceTree = "<group>"; };
		DEAC0F7F2C37D3F075AEF8AC /* Pods_TrollyAppItem.framework */ = {isa = PBXFileReference; explicitFileType = wrapper.framework; includeInIndex = 0; path = Pods_TrollyAppItem.framework; sourceTree = BUILT_PRODUCTS_DIR; };
/* End PBXFileReference section */

/* Begin PBXFrameworksBuildPhase section */
		41DA4CF21F43369B0071F982 /* Frameworks */ = {
			isa = PBXFrameworksBuildPhase;
			buildActionMask = 2147483647;
			files = (
				8E086B1F268DE25AF6F8450C /* Pods_TrollyAppItem.framework in Frameworks */,
				41EF9F6D1F67F01900B61AB8 /* Crashlytics.framework in Frameworks */,
				41EF9F6C1F67F01900B61AB8 /* Fabric.framework in Frameworks */,
			);
			runOnlyForDeploymentPostprocessing = 0;
		};
/* End PBXFrameworksBuildPhase section */

/* Begin PBXGroup section */
		0AEE4F43A001394AA07344CA /* Pods */ = {
			isa = PBXGroup;
			children = (
				66B8B904557057461DCAE3D1 /* Pods-TrollyAppItem.debug.xcconfig */,
				3B563EF250B360A2F0BD3591 /* Pods-TrollyAppItem.release.xcconfig */,
			);
			name = Pods;
			sourceTree = "<group>";
		};
		4126E8061F447332006BBAD6 /* Login SingUp */ = {
			isa = PBXGroup;
			children = (
				4126E8071F44735C006BBAD6 /* LoginViewController.swift */,
			);
			name = "Login SingUp";
			sourceTree = "<group>";
		};
		4132C3A41F5428F7003910DD /* Order List View Controller */ = {
			isa = PBXGroup;
			children = (
				4132C3A51F54291E003910DD /* OrderTableViewCell.swift */,
				4132C3A71F54293A003910DD /* OrderListViewController.swift */,
			);
			name = "Order List View Controller";
			sourceTree = "<group>";
		};
		4132C3AF1F54759C003910DD /* OrderDetailView */ = {
			isa = PBXGroup;
			children = (
				4132C3A91F54480D003910DD /* OrderDetailViewController.swift */,
				4132C3B11F547604003910DD /* OrderDetailTableViewCell.swift */,
			);
			name = OrderDetailView;
			sourceTree = "<group>";
		};
		4132C3B01F5475BD003910DD /* Classes */ = {
			isa = PBXGroup;
			children = (
				4126E8041F4410E1006BBAD6 /* ItemInfo.swift */,
				4132C3AB1F546468003910DD /* Storyboard.swift */,
				418CF4F81F5540E000C12E64 /* AppAllData.swift */,
				418CF4FA1F55421100C12E64 /* UserDetail.swift */,
			);
			name = Classes;
			sourceTree = "<group>";
		};
		41DA4CEC1F43369B0071F982 = {
			isa = PBXGroup;
			children = (
				41DA4CF71F43369B0071F982 /* TrollyAppItem */,
				41DA4CF61F43369B0071F982 /* Products */,
				0AEE4F43A001394AA07344CA /* Pods */,
				C28B9A48D098BBD646B2B4AD /* Frameworks */,
			);
			sourceTree = "<group>";
		};
		41DA4CF61F43369B0071F982 /* Products */ = {
			isa = PBXGroup;
			children = (
				41DA4CF51F43369B0071F982 /* TrollyAppItem.app */,
			);
			name = Products;
			sourceTree = "<group>";
		};
		41DA4CF71F43369B0071F982 /* TrollyAppItem */ = {
			isa = PBXGroup;
			children = (
				41EF9F691F67EFFD00B61AB8 /* Sypporting Files */,
				4132C3B01F5475BD003910DD /* Classes */,
				4132C3AF1F54759C003910DD /* OrderDetailView */,
				4132C3A41F5428F7003910DD /* Order List View Controller */,
				4126E8061F447332006BBAD6 /* Login SingUp */,
				41DA4D0C1F434EBC0071F982 /* TableViewCell */,
				41DA4CF81F43369B0071F982 /* AppDelegate.swift */,
				41DA4CFA1F43369B0071F982 /* ViewController.swift */,
				41DA4D0F1F4353720071F982 /* ItemDetailViewController.swift */,
				41DA4CFC1F43369B0071F982 /* Main.storyboard */,
				41DA4CFF1F43369B0071F982 /* Assets.xcassets */,
				41DA4D011F43369B0071F982 /* LaunchScreen.storyboard */,
				41DA4D041F43369B0071F982 /* Info.plist */,
				41DA4D0A1F4341BE0071F982 /* GoogleService-Info.plist */,
				4114B3271F45C224009DAA47 /* TrollyAppItem-Bridging-Header.h */,
			);
			path = TrollyAppItem;
			sourceTree = "<group>";
		};
		41DA4D0C1F434EBC0071F982 /* TableViewCell */ = {
			isa = PBXGroup;
			children = (
				41DA4D0D1F434EF30071F982 /* ItemTableViewCell.swift */,
			);
			name = TableViewCell;
			sourceTree = "<group>";
		};
		41EF9F691F67EFFD00B61AB8 /* Sypporting Files */ = {
			isa = PBXGroup;
			children = (
				41EF9F6A1F67F01900B61AB8 /* Fabric.framework */,
				41EF9F6B1F67F01900B61AB8 /* Crashlytics.framework */,
			);
			name = "Sypporting Files";
			sourceTree = "<group>";
		};
		C28B9A48D098BBD646B2B4AD /* Frameworks */ = {
			isa = PBXGroup;
			children = (
				DEAC0F7F2C37D3F075AEF8AC /* Pods_TrollyAppItem.framework */,
			);
			name = Frameworks;
			sourceTree = "<group>";
		};
/* End PBXGroup section */

/* Begin PBXNativeTarget section */
		41DA4CF41F43369B0071F982 /* TrollyAppItem */ = {
			isa = PBXNativeTarget;
			buildConfigurationList = 41DA4D071F43369B0071F982 /* Build configuration list for PBXNativeTarget "TrollyAppItem" */;
			buildPhases = (
				99FF76623D663FC68BB194C8 /* [CP] Check Pods Manifest.lock */,
				41DA4CF11F43369B0071F982 /* Sources */,
				41DA4CF21F43369B0071F982 /* Frameworks */,
				41DA4CF31F43369B0071F982 /* Resources */,
				4FCDEF9EB5F3A141F64A54A3 /* [CP] Embed Pods Frameworks */,
				25C4EE13E19062EB25F3F796 /* [CP] Copy Pods Resources */,
				41EF9F681F67EF5B00B61AB8 /* ShellScript */,
			);
			buildRules = (
			);
			dependencies = (
			);
			name = TrollyAppItem;
			productName = TrollyAppItem;
			productReference = 41DA4CF51F43369B0071F982 /* TrollyAppItem.app */;
			productType = "com.apple.product-type.application";
		};
/* End PBXNativeTarget section */

/* Begin PBXProject section */
		41DA4CED1F43369B0071F982 /* Project object */ = {
			isa = PBXProject;
			attributes = {
				LastSwiftUpdateCheck = 0820;
				LastUpgradeCheck = 0820;
				ORGANIZATIONNAME = Devclan;
				TargetAttributes = {
					41DA4CF41F43369B0071F982 = {
						CreatedOnToolsVersion = 8.2.1;
						LastSwiftMigration = 0820;
						ProvisioningStyle = Automatic;
					};
				};
			};
			buildConfigurationList = 41DA4CF01F43369B0071F982 /* Build configuration list for PBXProject "TrollyAppItem" */;
			compatibilityVersion = "Xcode 3.2";
			developmentRegion = English;
			hasScannedForEncodings = 0;
			knownRegions = (
				en,
				Base,
			);
			mainGroup = 41DA4CEC1F43369B0071F982;
			productRefGroup = 41DA4CF61F43369B0071F982 /* Products */;
			projectDirPath = "";
			projectRoot = "";
			targets = (
				41DA4CF41F43369B0071F982 /* TrollyAppItem */,
			);
		};
/* End PBXProject section */

/* Begin PBXResourcesBuildPhase section */
		41DA4CF31F43369B0071F982 /* Resources */ = {
			isa = PBXResourcesBuildPhase;
			buildActionMask = 2147483647;
			files = (
				41DA4D031F43369B0071F982 /* LaunchScreen.storyboard in Resources */,
				41DA4D0B1F4341BE0071F982 /* GoogleService-Info.plist in Resources */,
				41DA4D001F43369B0071F982 /* Assets.xcassets in Resources */,
				41DA4CFE1F43369B0071F982 /* Main.storyboard in Resources */,
			);
			runOnlyForDeploymentPostprocessing = 0;
		};
/* End PBXResourcesBuildPhase section */

/* Begin PBXShellScriptBuildPhase section */
		25C4EE13E19062EB25F3F796 /* [CP] Copy Pods Resources */ = {
			isa = PBXShellScriptBuildPhase;
			buildActionMask = 2147483647;
			files = (
			);
			inputPaths = (
			);
			name = "[CP] Copy Pods Resources";
			outputPaths = (
			);
			runOnlyForDeploymentPostprocessing = 0;
			shellPath = /bin/sh;
			shellScript = "\"${SRCROOT}/Pods/Target Support Files/Pods-TrollyAppItem/Pods-TrollyAppItem-resources.sh\"\n";
			showEnvVarsInLog = 0;
		};
		41EF9F681F67EF5B00B61AB8 /* ShellScript */ = {
			isa = PBXShellScriptBuildPhase;
			buildActionMask = 2147483647;
			files = (
			);
			inputPaths = (
			);
			outputPaths = (
			);
			runOnlyForDeploymentPostprocessing = 0;
			shellPath = /bin/sh;
			shellScript = "./Fabric.framework/run 34e809834217eebfbe975bab08e25a60dcd1c425 07a8d81df64291ea8d6a608450e44d8e305a77d91c4972cb521a2e6a67a5e3f8";
		};
		4FCDEF9EB5F3A141F64A54A3 /* [CP] Embed Pods Frameworks */ = {
			isa = PBXShellScriptBuildPhase;
			buildActionMask = 2147483647;
			files = (
			);
			inputPaths = (
				"${SRCROOT}/Pods/Target Support Files/Pods-TrollyAppItem/Pods-TrollyAppItem-frameworks.sh",
				"${BUILT_PRODUCTS_DIR}/GTMSessionFetcher/GTMSessionFetcher.framework",
				"${BUILT_PRODUCTS_DIR}/GoogleToolboxForMac/GoogleToolboxForMac.framework",
				"${BUILT_PRODUCTS_DIR}/MBProgressHUD/MBProgressHUD.framework",
				"${BUILT_PRODUCTS_DIR}/SDWebImage/SDWebImage.framework",
				"${BUILT_PRODUCTS_DIR}/nanopb/nanopb.framework",
			);
			name = "[CP] Embed Pods Frameworks";
			outputPaths = (
				"${TARGET_BUILD_DIR}/${FRAMEWORKS_FOLDER_PATH}/GTMSessionFetcher.framework",
				"${TARGET_BUILD_DIR}/${FRAMEWORKS_FOLDER_PATH}/GoogleToolboxForMac.framework",
				"${TARGET_BUILD_DIR}/${FRAMEWORKS_FOLDER_PATH}/MBProgressHUD.framework",
				"${TARGET_BUILD_DIR}/${FRAMEWORKS_FOLDER_PATH}/SDWebImage.framework",
				"${TARGET_BUILD_DIR}/${FRAMEWORKS_FOLDER_PATH}/nanopb.framework",
			);
			runOnlyForDeploymentPostprocessing = 0;
			shellPath = /bin/sh;
			shellScript = "\"${SRCROOT}/Pods/Target Support Files/Pods-TrollyAppItem/Pods-TrollyAppItem-frameworks.sh\"\n";
			showEnvVarsInLog = 0;
		};
		99FF76623D663FC68BB194C8 /* [CP] Check Pods Manifest.lock */ = {
			isa = PBXShellScriptBuildPhase;
			buildActionMask = 2147483647;
			files = (
			);
			inputPaths = (
				"${PODS_PODFILE_DIR_PATH}/Podfile.lock",
				"${PODS_ROOT}/Manifest.lock",
			);
			name = "[CP] Check Pods Manifest.lock";
			outputPaths = (
				"$(DERIVED_FILE_DIR)/Pods-TrollyAppItem-checkManifestLockResult.txt",
			);
			runOnlyForDeploymentPostprocessing = 0;
			shellPath = /bin/sh;
			shellScript = "diff \"${PODS_PODFILE_DIR_PATH}/Podfile.lock\" \"${PODS_ROOT}/Manifest.lock\" > /dev/null\nif [ $? != 0 ] ; then\n    # print error to STDERR\n    echo \"error: The sandbox is not in sync with the Podfile.lock. Run 'pod install' or update your CocoaPods installation.\" >&2\n    exit 1\nfi\n# This output is used by Xcode 'outputs' to avoid re-running this script phase.\necho \"SUCCESS\" > \"${SCRIPT_OUTPUT_FILE_0}\"\n";
			showEnvVarsInLog = 0;
		};
/* End PBXShellScriptBuildPhase section */

/* Begin PBXSourcesBuildPhase section */
		41DA4CF11F43369B0071F982 /* Sources */ = {
			isa = PBXSourcesBuildPhase;
			buildActionMask = 2147483647;
			files = (
				418CF4FB1F55421100C12E64 /* UserDetail.swift in Sources */,
				4132C3AC1F546468003910DD /* Storyboard.swift in Sources */,
				418CF4F91F5540E000C12E64 /* AppAllData.swift in Sources */,
				4132C3A81F54293B003910DD /* OrderListViewController.swift in Sources */,
				4126E8081F44735C006BBAD6 /* LoginViewController.swift in Sources */,
				4132C3A61F54291E003910DD /* OrderTableViewCell.swift in Sources */,
				41DA4CFB1F43369B0071F982 /* ViewController.swift in Sources */,
				41DA4D0E1F434EF30071F982 /* ItemTableViewCell.swift in Sources */,
				41DA4D101F4353720071F982 /* ItemDetailViewController.swift in Sources */,
				41DA4CF91F43369B0071F982 /* AppDelegate.swift in Sources */,
				4132C3AA1F54480D003910DD /* OrderDetailViewController.swift in Sources */,
				4126E8051F4410E1006BBAD6 /* ItemInfo.swift in Sources */,
				4132C3B21F547604003910DD /* OrderDetailTableViewCell.swift in Sources */,
			);
			runOnlyForDeploymentPostprocessing = 0;
		};
/* End PBXSourcesBuildPhase section */

/* Begin PBXVariantGroup section */
		41DA4CFC1F43369B0071F982 /* Main.storyboard */ = {
			isa = PBXVariantGroup;
			children = (
				41DA4CFD1F43369B0071F982 /* Base */,
			);
			name = Main.storyboard;
			sourceTree = "<group>";
		};
		41DA4D011F43369B0071F982 /* LaunchScreen.storyboard */ = {
			isa = PBXVariantGroup;
			children = (
				41DA4D021F43369B0071F982 /* Base */,
			);
			name = LaunchScreen.storyboard;
			sourceTree = "<group>";
		};
/* End PBXVariantGroup section */

/* Begin XCBuildConfiguration section */
		41DA4D051F43369B0071F982 /* Debug */ = {
			isa = XCBuildConfiguration;
			buildSettings = {
				ALWAYS_SEARCH_USER_PATHS = NO;
				CLANG_ANALYZER_NONNULL = YES;
				CLANG_CXX_LANGUAGE_STANDARD = "gnu++0x";
				CLANG_CXX_LIBRARY = "libc++";
				CLANG_ENABLE_MODULES = YES;
				CLANG_ENABLE_OBJC_ARC = YES;
				CLANG_WARN_BOOL_CONVERSION = YES;
				CLANG_WARN_CONSTANT_CONVERSION = YES;
				CLANG_WARN_DIRECT_OBJC_ISA_USAGE = YES_ERROR;
				CLANG_WARN_DOCUMENTATION_COMMENTS = YES;
				CLANG_WARN_EMPTY_BODY = YES;
				CLANG_WARN_ENUM_CONVERSION = YES;
				CLANG_WARN_INFINITE_RECURSION = YES;
				CLANG_WARN_INT_CONVERSION = YES;
				CLANG_WARN_OBJC_ROOT_CLASS = YES_ERROR;
				CLANG_WARN_SUSPICIOUS_MOVE = YES;
				CLANG_WARN_UNREACHABLE_CODE = YES;
				CLANG_WARN__DUPLICATE_METHOD_MATCH = YES;
				"CODE_SIGN_IDENTITY[sdk=iphoneos*]" = "iPhone Developer";
				COPY_PHASE_STRIP = NO;
				DEBUG_INFORMATION_FORMAT = dwarf;
				ENABLE_STRICT_OBJC_MSGSEND = YES;
				ENABLE_TESTABILITY = YES;
				GCC_C_LANGUAGE_STANDARD = gnu99;
				GCC_DYNAMIC_NO_PIC = NO;
				GCC_NO_COMMON_BLOCKS = YES;
				GCC_OPTIMIZATION_LEVEL = 0;
				GCC_PREPROCESSOR_DEFINITIONS = (
					"DEBUG=1",
					"$(inherited)",
				);
				GCC_WARN_64_TO_32_BIT_CONVERSION = YES;
				GCC_WARN_ABOUT_RETURN_TYPE = YES_ERROR;
				GCC_WARN_UNDECLARED_SELECTOR = YES;
				GCC_WARN_UNINITIALIZED_AUTOS = YES_AGGRESSIVE;
				GCC_WARN_UNUSED_FUNCTION = YES;
				GCC_WARN_UNUSED_VARIABLE = YES;
				IPHONEOS_DEPLOYMENT_TARGET = 10.2;
				MTL_ENABLE_DEBUG_INFO = YES;
				ONLY_ACTIVE_ARCH = YES;
				SDKROOT = iphoneos;
				SWIFT_ACTIVE_COMPILATION_CONDITIONS = DEBUG;
				SWIFT_OPTIMIZATION_LEVEL = "-Onone";
				TARGETED_DEVICE_FAMILY = "1,2";
			};
			name = Debug;
		};
		41DA4D061F43369B0071F982 /* Release */ = {
			isa = XCBuildConfiguration;
			buildSettings = {
				ALWAYS_SEARCH_USER_PATHS = NO;
				CLANG_ANALYZER_NONNULL = YES;
				CLANG_CXX_LANGUAGE_STANDARD = "gnu++0x";
				CLANG_CXX_LIBRARY = "libc++";
				CLANG_ENABLE_MODULES = YES;
				CLANG_ENABLE_OBJC_ARC = YES;
				CLANG_WARN_BOOL_CONVERSION = YES;
				CLANG_WARN_CONSTANT_CONVERSION = YES;
				CLANG_WARN_DIRECT_OBJC_ISA_USAGE = YES_ERROR;
				CLANG_WARN_DOCUMENTATION_COMMENTS = YES;
				CLANG_WARN_EMPTY_BODY = YES;
				CLANG_WARN_ENUM_CONVERSION = YES;
				CLANG_WARN_INFINITE_RECURSION = YES;
				CLANG_WARN_INT_CONVERSION = YES;
				CLANG_WARN_OBJC_ROOT_CLASS = YES_ERROR;
				CLANG_WARN_SUSPICIOUS_MOVE = YES;
				CLANG_WARN_UNREACHABLE_CODE = YES;
				CLANG_WARN__DUPLICATE_METHOD_MATCH = YES;
				"CODE_SIGN_IDENTITY[sdk=iphoneos*]" = "iPhone Developer";
				COPY_PHASE_STRIP = NO;
				DEBUG_INFORMATION_FORMAT = "dwarf-with-dsym";
				ENABLE_NS_ASSERTIONS = NO;
				ENABLE_STRICT_OBJC_MSGSEND = YES;
				GCC_C_LANGUAGE_STANDARD = gnu99;
				GCC_NO_COMMON_BLOCKS = YES;
				GCC_WARN_64_TO_32_BIT_CONVERSION = YES;
				GCC_WARN_ABOUT_RETURN_TYPE = YES_ERROR;
				GCC_WARN_UNDECLARED_SELECTOR = YES;
				GCC_WARN_UNINITIALIZED_AUTOS = YES_AGGRESSIVE;
				GCC_WARN_UNUSED_FUNCTION = YES;
				GCC_WARN_UNUSED_VARIABLE = YES;
				IPHONEOS_DEPLOYMENT_TARGET = 10.2;
				MTL_ENABLE_DEBUG_INFO = NO;
				SDKROOT = iphoneos;
				SWIFT_OPTIMIZATION_LEVEL = "-Owholemodule";
				TARGETED_DEVICE_FAMILY = "1,2";
				VALIDATE_PRODUCT = YES;
			};
			name = Release;
		};
		41DA4D081F43369B0071F982 /* Debug */ = {
			isa = XCBuildConfiguration;
			baseConfigurationReference = 66B8B904557057461DCAE3D1 /* Pods-TrollyAppItem.debug.xcconfig */;
			buildSettings = {
				ASSETCATALOG_COMPILER_APPICON_NAME = AppIcon;
				CLANG_ENABLE_MODULES = YES;
				DEBUG_INFORMATION_FORMAT = "dwarf-with-dsym";
				FRAMEWORK_SEARCH_PATHS = (
					"$(inherited)",
					"$(PROJECT_DIR)/TrollyAppItem",
				);
				INFOPLIST_FILE = TrollyAppItem/Info.plist;
				LD_RUNPATH_SEARCH_PATHS = "$(inherited) @executable_path/Frameworks";
				PRODUCT_BUNDLE_IDENTIFIER = com.devclan.TrollyAppItem;
				PRODUCT_NAME = "$(TARGET_NAME)";
				SWIFT_OBJC_BRIDGING_HEADER = "TrollyAppItem/TrollyAppItem-Bridging-Header.h";
				SWIFT_OPTIMIZATION_LEVEL = "-Onone";
				SWIFT_VERSION = 3.0;
			};
			name = Debug;
		};
		41DA4D091F43369B0071F982 /* Release */ = {
			isa = XCBuildConfiguration;
			baseConfigurationReference = 3B563EF250B360A2F0BD3591 /* Pods-TrollyAppItem.release.xcconfig */;
			buildSettings = {
				ASSETCATALOG_COMPILER_APPICON_NAME = AppIcon;
				CLANG_ENABLE_MODULES = YES;
				FRAMEWORK_SEARCH_PATHS = (
					"$(inherited)",
					"$(PROJECT_DIR)/TrollyAppItem",
				);
				INFOPLIST_FILE = TrollyAppItem/Info.plist;
				LD_RUNPATH_SEARCH_PATHS = "$(inherited) @executable_path/Frameworks";
				PRODUCT_BUNDLE_IDENTIFIER = com.devclan.TrollyAppItem;
				PRODUCT_NAME = "$(TARGET_NAME)";
				SWIFT_OBJC_BRIDGING_HEADER = "TrollyAppItem/TrollyAppItem-Bridging-Header.h";
				SWIFT_VERSION = 3.0;
			};
			name = Release;
		};
/* End XCBuildConfiguration section */

/* Begin XCConfigurationList section */
		41DA4CF01F43369B0071F982 /* Build configuration list for PBXProject "TrollyAppItem" */ = {
			isa = XCConfigurationList;
			buildConfigurations = (
				41DA4D051F43369B0071F982 /* Debug */,
				41DA4D061F43369B0071F982 /* Release */,
			);
			defaultConfigurationIsVisible = 0;
			defaultConfigurationName = Release;
		};
		41DA4D071F43369B0071F982 /* Build configuration list for PBXNativeTarget "TrollyAppItem" */ = {
			isa = XCConfigurationList;
			buildConfigurations = (
				41DA4D081F43369B0071F982 /* Debug */,
				41DA4D091F43369B0071F982 /* Release */,
			);
			defaultConfigurationIsVisible = 0;
			defaultConfigurationName = Release;
		};
/* End XCConfigurationList section */
	};
	rootObject = 41DA4CED1F43369B0071F982 /* Project object */;
}
