// !$*UTF8*$!
{
	archiveVersion = 1;
	classes = {
	};
	objectVersion = 46;
	objects = {

/* Begin PBXBuildFile section */
		33A25FEA1F3E243F00AE104A /* AlertView.xib in Resources */ = {isa = PBXBuildFile; fileRef = 33A25FE91F3E243F00AE104A /* AlertView.xib */; };
		33A25FEC1F3E247C00AE104A /* AlertView.swift in Sources */ = {isa = PBXBuildFile; fileRef = 33A25FEB1F3E247C00AE104A /* AlertView.swift */; };
		4126C0ED1F3A111400D761B3 /* Main.storyboard in Resources */ = {isa = PBXBuildFile; fileRef = 4126C0EC1F3A111400D761B3 /* Main.storyboard */; };
		4132C3AE1F546719003910DD /* Storyboard.swift in Sources */ = {isa = PBXBuildFile; fileRef = 4132C3AD1F546719003910DD /* Storyboard.swift */; };
		41443B991F3CAC8000F22111 /* GoogleService-Info.plist in Resources */ = {isa = PBXBuildFile; fileRef = 41443B981F3CAC8000F22111 /* GoogleService-Info.plist */; };
		415989ED1F3AEA6300C3C3B4 /* RegisterViewController.swift in Sources */ = {isa = PBXBuildFile; fileRef = 415989EC1F3AEA6300C3C3B4 /* RegisterViewController.swift */; };
		4167E52E1F4FF7A500A63988 /* AppTabbarControllerView.swift in Sources */ = {isa = PBXBuildFile; fileRef = 4167E52D1F4FF7A500A63988 /* AppTabbarControllerView.swift */; };
		4167E5301F503FFD00A63988 /* HistroyTableViewCell.swift in Sources */ = {isa = PBXBuildFile; fileRef = 4167E52F1F503FFD00A63988 /* HistroyTableViewCell.swift */; };
		416B775F1F330F16008D28B2 /* AllItemsCollectionViewCell.swift in Sources */ = {isa = PBXBuildFile; fileRef = 416B775D1F330F16008D28B2 /* AllItemsCollectionViewCell.swift */; };
		416B77601F330F16008D28B2 /* AllItemsCollectionViewCell.xib in Resources */ = {isa = PBXBuildFile; fileRef = 416B775E1F330F16008D28B2 /* AllItemsCollectionViewCell.xib */; };
		416B77631F3314CA008D28B2 /* ItemInfo.swift in Sources */ = {isa = PBXBuildFile; fileRef = 416B77621F3314CA008D28B2 /* ItemInfo.swift */; };
		416B77651F332975008D28B2 /* SearchProductViewController.swift in Sources */ = {isa = PBXBuildFile; fileRef = 416B77641F332975008D28B2 /* SearchProductViewController.swift */; };
		416B77691F332BB9008D28B2 /* SearchItemTableViewCell.swift in Sources */ = {isa = PBXBuildFile; fileRef = 416B77671F332BB9008D28B2 /* SearchItemTableViewCell.swift */; };
		416B776A1F332BB9008D28B2 /* SearchItemTableViewCell.xib in Resources */ = {isa = PBXBuildFile; fileRef = 416B77681F332BB9008D28B2 /* SearchItemTableViewCell.xib */; };
		41822AC61F34749D0030C1FA /* Trolley.swift in Sources */ = {isa = PBXBuildFile; fileRef = 41822AC51F34749D0030C1FA /* Trolley.swift */; };
		41BF342C1F7CC43200E2588D /* AboutViewController.swift in Sources */ = {isa = PBXBuildFile; fileRef = 41BF342B1F7CC43200E2588D /* AboutViewController.swift */; };
		41E21F851F31E57300DFA04A /* AppDelegate.swift in Sources */ = {isa = PBXBuildFile; fileRef = 41E21F841F31E57300DFA04A /* AppDelegate.swift */; };
		41E21F8E1F31E57300DFA04A /* Assets.xcassets in Resources */ = {isa = PBXBuildFile; fileRef = 41E21F8D1F31E57300DFA04A /* Assets.xcassets */; };
		41E21F911F31E57300DFA04A /* LaunchScreen.storyboard in Resources */ = {isa = PBXBuildFile; fileRef = 41E21F8F1F31E57300DFA04A /* LaunchScreen.storyboard */; };
		41E21F9A1F31F7DF00DFA04A /* HomeViewController.swift in Sources */ = {isa = PBXBuildFile; fileRef = 41E21F991F31F7DF00DFA04A /* HomeViewController.swift */; };
		41E21F9D1F31F90700DFA04A /* SearchViewController.swift in Sources */ = {isa = PBXBuildFile; fileRef = 41E21F9C1F31F90700DFA04A /* SearchViewController.swift */; };
		41E21FA21F31F95100DFA04A /* CheckOutViewController.swift in Sources */ = {isa = PBXBuildFile; fileRef = 41E21FA11F31F95100DFA04A /* CheckOutViewController.swift */; };
		41E21FA41F31F96100DFA04A /* HistoryViewController.swift in Sources */ = {isa = PBXBuildFile; fileRef = 41E21FA31F31F96000DFA04A /* HistoryViewController.swift */; };
		41E21FA61F31F97000DFA04A /* AccountViewController.swift in Sources */ = {isa = PBXBuildFile; fileRef = 41E21FA51F31F97000DFA04A /* AccountViewController.swift */; };
		41F407DF1F3B228400F319EA /* ProductViewController.swift in Sources */ = {isa = PBXBuildFile; fileRef = 41F407DE1F3B228400F319EA /* ProductViewController.swift */; };
		51E6B098074F0959E784A495 /* Pods_TolleyApp.framework in Frameworks */ = {isa = PBXBuildFile; fileRef = A1CF0C7559A2AF9CA111055D /* Pods_TolleyApp.framework */; };
/* End PBXBuildFile section */

/* Begin PBXFileReference section */
		33A25FE91F3E243F00AE104A /* AlertView.xib */ = {isa = PBXFileReference; fileEncoding = 4; lastKnownFileType = file.xib; path = AlertView.xib; sourceTree = "<group>"; };
		33A25FEB1F3E247C00AE104A /* AlertView.swift */ = {isa = PBXFileReference; fileEncoding = 4; lastKnownFileType = sourcecode.swift; path = AlertView.swift; sourceTree = "<group>"; };
		4114B3231F45B744009DAA47 /* TolleyApp-Bridging-Header.h */ = {isa = PBXFileReference; lastKnownFileType = sourcecode.c.h; path = "TolleyApp-Bridging-Header.h"; sourceTree = "<group>"; };
		4126C0EC1F3A111400D761B3 /* Main.storyboard */ = {isa = PBXFileReference; fileEncoding = 4; lastKnownFileType = file.storyboard; path = Main.storyboard; sourceTree = "<group>"; };
		412C95189C550C436960499D /* Pods-TolleyApp.release.xcconfig */ = {isa = PBXFileReference; includeInIndex = 1; lastKnownFileType = text.xcconfig; name = "Pods-TolleyApp.release.xcconfig"; path = "Pods/Target Support Files/Pods-TolleyApp/Pods-TolleyApp.release.xcconfig"; sourceTree = "<group>"; };
		4132C3AD1F546719003910DD /* Storyboard.swift */ = {isa = PBXFileReference; fileEncoding = 4; lastKnownFileType = sourcecode.swift; path = Storyboard.swift; sourceTree = "<group>"; };
		41443B981F3CAC8000F22111 /* GoogleService-Info.plist */ = {isa = PBXFileReference; fileEncoding = 4; lastKnownFileType = text.plist.xml; path = "GoogleService-Info.plist"; sourceTree = "<group>"; };
		415989EC1F3AEA6300C3C3B4 /* RegisterViewController.swift */ = {isa = PBXFileReference; fileEncoding = 4; lastKnownFileType = sourcecode.swift; path = RegisterViewController.swift; sourceTree = "<group>"; };
		4167E52D1F4FF7A500A63988 /* AppTabbarControllerView.swift */ = {isa = PBXFileReference; fileEncoding = 4; lastKnownFileType = sourcecode.swift; path = AppTabbarControllerView.swift; sourceTree = "<group>"; };
		4167E52F1F503FFD00A63988 /* HistroyTableViewCell.swift */ = {isa = PBXFileReference; fileEncoding = 4; lastKnownFileType = sourcecode.swift; path = HistroyTableViewCell.swift; sourceTree = "<group>"; };
		416B775D1F330F16008D28B2 /* AllItemsCollectionViewCell.swift */ = {isa = PBXFileReference; fileEncoding = 4; lastKnownFileType = sourcecode.swift; path = AllItemsCollectionViewCell.swift; sourceTree = "<group>"; };
		416B775E1F330F16008D28B2 /* AllItemsCollectionViewCell.xib */ = {isa = PBXFileReference; fileEncoding = 4; lastKnownFileType = file.xib; path = AllItemsCollectionViewCell.xib; sourceTree = "<group>"; };
		416B77621F3314CA008D28B2 /* ItemInfo.swift */ = {isa = PBXFileReference; fileEncoding = 4; lastKnownFileType = sourcecode.swift; path = ItemInfo.swift; sourceTree = "<group>"; };
		416B77641F332975008D28B2 /* SearchProductViewController.swift */ = {isa = PBXFileReference; fileEncoding = 4; lastKnownFileType = sourcecode.swift; path = SearchProductViewController.swift; sourceTree = "<group>"; };
		416B77671F332BB9008D28B2 /* SearchItemTableViewCell.swift */ = {isa = PBXFileReference; fileEncoding = 4; lastKnownFileType = sourcecode.swift; path = SearchItemTableViewCell.swift; sourceTree = "<group>"; };
		416B77681F332BB9008D28B2 /* SearchItemTableViewCell.xib */ = {isa = PBXFileReference; fileEncoding = 4; lastKnownFileType = file.xib; path = SearchItemTableViewCell.xib; sourceTree = "<group>"; };
		41822AC51F34749D0030C1FA /* Trolley.swift */ = {isa = PBXFileReference; fileEncoding = 4; lastKnownFileType = sourcecode.swift; path = Trolley.swift; sourceTree = "<group>"; };
		41BF342B1F7CC43200E2588D /* AboutViewController.swift */ = {isa = PBXFileReference; fileEncoding = 4; lastKnownFileType = sourcecode.swift; path = AboutViewController.swift; sourceTree = "<group>"; };
		41E21F811F31E57300DFA04A /* TolleyApp.app */ = {isa = PBXFileReference; explicitFileType = wrapper.application; includeInIndex = 0; path = TolleyApp.app; sourceTree = BUILT_PRODUCTS_DIR; };
		41E21F841F31E57300DFA04A /* AppDelegate.swift */ = {isa = PBXFileReference; lastKnownFileType = sourcecode.swift; path = AppDelegate.swift; sourceTree = "<group>"; };
		41E21F8D1F31E57300DFA04A /* Assets.xcassets */ = {isa = PBXFileReference; lastKnownFileType = folder.assetcatalog; path = Assets.xcassets; sourceTree = "<group>"; };
		41E21F901F31E57300DFA04A /* Base */ = {isa = PBXFileReference; lastKnownFileType = file.storyboard; name = Base; path = Base.lproj/LaunchScreen.storyboard; sourceTree = "<group>"; };
		41E21F921F31E57300DFA04A /* Info.plist */ = {isa = PBXFileReference; lastKnownFileType = text.plist.xml; path = Info.plist; sourceTree = "<group>"; };
		41E21F991F31F7DF00DFA04A /* HomeViewController.swift */ = {isa = PBXFileReference; fileEncoding = 4; lastKnownFileType = sourcecode.swift; path = HomeViewController.swift; sourceTree = "<group>"; };
		41E21F9C1F31F90700DFA04A /* SearchViewController.swift */ = {isa = PBXFileReference; fileEncoding = 4; lastKnownFileType = sourcecode.swift; path = SearchViewController.swift; sourceTree = "<group>"; };
		41E21FA11F31F95100DFA04A /* CheckOutViewController.swift */ = {isa = PBXFileReference; fileEncoding = 4; lastKnownFileType = sourcecode.swift; path = CheckOutViewController.swift; sourceTree = "<group>"; };
		41E21FA31F31F96000DFA04A /* HistoryViewController.swift */ = {isa = PBXFileReference; fileEncoding = 4; lastKnownFileType = sourcecode.swift; path = HistoryViewController.swift; sourceTree = "<group>"; };
		41E21FA51F31F97000DFA04A /* AccountViewController.swift */ = {isa = PBXFileReference; fileEncoding = 4; lastKnownFileType = sourcecode.swift; path = AccountViewController.swift; sourceTree = "<group>"; };
		41F407DE1F3B228400F319EA /* ProductViewController.swift */ = {isa = PBXFileReference; fileEncoding = 4; lastKnownFileType = sourcecode.swift; path = ProductViewController.swift; sourceTree = "<group>"; };
		8793316C5C0A51DDF53D232F /* Pods-TolleyApp.debug.xcconfig */ = {isa = PBXFileReference; includeInIndex = 1; lastKnownFileType = text.xcconfig; name = "Pods-TolleyApp.debug.xcconfig"; path = "Pods/Target Support Files/Pods-TolleyApp/Pods-TolleyApp.debug.xcconfig"; sourceTree = "<group>"; };
		A1CF0C7559A2AF9CA111055D /* Pods_TolleyApp.framework */ = {isa = PBXFileReference; explicitFileType = wrapper.framework; includeInIndex = 0; path = Pods_TolleyApp.framework; sourceTree = BUILT_PRODUCTS_DIR; };
/* End PBXFileReference section */

/* Begin PBXFrameworksBuildPhase section */
		41E21F7E1F31E57300DFA04A /* Frameworks */ = {
			isa = PBXFrameworksBuildPhase;
			buildActionMask = 2147483647;
			files = (
				51E6B098074F0959E784A495 /* Pods_TolleyApp.framework in Frameworks */,
			);
			runOnlyForDeploymentPostprocessing = 0;
		};
/* End PBXFrameworksBuildPhase section */

/* Begin PBXGroup section */
		4114B3261F45BE8B009DAA47 /* Models */ = {
			isa = PBXGroup;
			children = (
			);
			name = Models;
			sourceTree = "<group>";
		};
		4167E52C1F4FF77700A63988 /* TabBarController */ = {
			isa = PBXGroup;
			children = (
				4167E52D1F4FF7A500A63988 /* AppTabbarControllerView.swift */,
			);
			name = TabBarController;
			sourceTree = "<group>";
		};
		416B775C1F330EE1008D28B2 /* AllItemsCollectionViewCell */ = {
			isa = PBXGroup;
			children = (
				416B775D1F330F16008D28B2 /* AllItemsCollectionViewCell.swift */,
				416B775E1F330F16008D28B2 /* AllItemsCollectionViewCell.xib */,
			);
			name = AllItemsCollectionViewCell;
			sourceTree = "<group>";
		};
		416B77611F33149F008D28B2 /* Classes */ = {
			isa = PBXGroup;
			children = (
				416B77621F3314CA008D28B2 /* ItemInfo.swift */,
				41822AC51F34749D0030C1FA /* Trolley.swift */,
				4132C3AD1F546719003910DD /* Storyboard.swift */,
			);
			name = Classes;
			sourceTree = "<group>";
		};
		416B77661F332B8A008D28B2 /* SearchTableViewCell */ = {
			isa = PBXGroup;
			children = (
				416B77671F332BB9008D28B2 /* SearchItemTableViewCell.swift */,
				416B77681F332BB9008D28B2 /* SearchItemTableViewCell.xib */,
			);
			name = SearchTableViewCell;
			sourceTree = "<group>";
		};
		41BF342A1F7CC41800E2588D /* About */ = {
			isa = PBXGroup;
			children = (
				41BF342B1F7CC43200E2588D /* AboutViewController.swift */,
			);
			name = About;
			sourceTree = "<group>";
		};
		41E21F781F31E57300DFA04A = {
			isa = PBXGroup;
			children = (
				41E21F831F31E57300DFA04A /* TolleyApp */,
				41E21F821F31E57300DFA04A /* Products */,
				A033BA6FCED635EE990AC714 /* Pods */,
				B347734BB83A410564DFD334 /* Frameworks */,
			);
			sourceTree = "<group>";
		};
		41E21F821F31E57300DFA04A /* Products */ = {
			isa = PBXGroup;
			children = (
				41E21F811F31E57300DFA04A /* TolleyApp.app */,
			);
			name = Products;
			sourceTree = "<group>";
		};
		41E21F831F31E57300DFA04A /* TolleyApp */ = {
			isa = PBXGroup;
			children = (
				41BF342A1F7CC41800E2588D /* About */,
				4167E52C1F4FF77700A63988 /* TabBarController */,
				4114B3261F45BE8B009DAA47 /* Models */,
				41F407DD1F3B226600F319EA /* AlertVC */,
				416B77661F332B8A008D28B2 /* SearchTableViewCell */,
				416B77611F33149F008D28B2 /* Classes */,
				416B775C1F330EE1008D28B2 /* AllItemsCollectionViewCell */,
				41E21FA01F31F93B00DFA04A /* CheckOut */,
				41E21F9F1F31F92F00DFA04A /* History */,
				41E21F9E1F31F92700DFA04A /* Account */,
				41E21F9B1F31F8F400DFA04A /* Search */,
				41E21F841F31E57300DFA04A /* AppDelegate.swift */,
				4114B3231F45B744009DAA47 /* TolleyApp-Bridging-Header.h */,
				41E21F8D1F31E57300DFA04A /* Assets.xcassets */,
				4126C0EC1F3A111400D761B3 /* Main.storyboard */,
				41E21F8F1F31E57300DFA04A /* LaunchScreen.storyboard */,
				41443B981F3CAC8000F22111 /* GoogleService-Info.plist */,
				41E21F921F31E57300DFA04A /* Info.plist */,
			);
			path = TolleyApp;
			sourceTree = "<group>";
		};
		41E21F981F31F7C600DFA04A /* Home */ = {
			isa = PBXGroup;
			children = (
				41E21F991F31F7DF00DFA04A /* HomeViewController.swift */,
			);
			name = Home;
			sourceTree = "<group>";
		};
		41E21F9B1F31F8F400DFA04A /* Search */ = {
			isa = PBXGroup;
			children = (
				41E21F9C1F31F90700DFA04A /* SearchViewController.swift */,
				416B77641F332975008D28B2 /* SearchProductViewController.swift */,
			);
			name = Search;
			sourceTree = "<group>";
		};
		41E21F9E1F31F92700DFA04A /* Account */ = {
			isa = PBXGroup;
			children = (
				41E21FA51F31F97000DFA04A /* AccountViewController.swift */,
				415989EC1F3AEA6300C3C3B4 /* RegisterViewController.swift */,
				41E21F981F31F7C600DFA04A /* Home */,
			);
			name = Account;
			sourceTree = "<group>";
		};
		41E21F9F1F31F92F00DFA04A /* History */ = {
			isa = PBXGroup;
			children = (
				41E21FA31F31F96000DFA04A /* HistoryViewController.swift */,
				4167E52F1F503FFD00A63988 /* HistroyTableViewCell.swift */,
			);
			name = History;
			sourceTree = "<group>";
		};
		41E21FA01F31F93B00DFA04A /* CheckOut */ = {
			isa = PBXGroup;
			children = (
				41E21FA11F31F95100DFA04A /* CheckOutViewController.swift */,
			);
			name = CheckOut;
			sourceTree = "<group>";
		};
		41F407DD1F3B226600F319EA /* AlertVC */ = {
			isa = PBXGroup;
			children = (
				41F407DE1F3B228400F319EA /* ProductViewController.swift */,
				33A25FE91F3E243F00AE104A /* AlertView.xib */,
				33A25FEB1F3E247C00AE104A /* AlertView.swift */,
			);
			name = AlertVC;
			sourceTree = "<group>";
		};
		A033BA6FCED635EE990AC714 /* Pods */ = {
			isa = PBXGroup;
			children = (
				8793316C5C0A51DDF53D232F /* Pods-TolleyApp.debug.xcconfig */,
				412C95189C550C436960499D /* Pods-TolleyApp.release.xcconfig */,
			);
			name = Pods;
			sourceTree = "<group>";
		};
		B347734BB83A410564DFD334 /* Frameworks */ = {
			isa = PBXGroup;
			children = (
				A1CF0C7559A2AF9CA111055D /* Pods_TolleyApp.framework */,
			);
			name = Frameworks;
			sourceTree = "<group>";
		};
/* End PBXGroup section */

/* Begin PBXNativeTarget section */
		41E21F801F31E57300DFA04A /* TolleyApp */ = {
			isa = PBXNativeTarget;
			buildConfigurationList = 41E21F951F31E57300DFA04A /* Build configuration list for PBXNativeTarget "TolleyApp" */;
			buildPhases = (
				CE50B03613118F5DF8F47A1D /* [CP] Check Pods Manifest.lock */,
				41E21F7D1F31E57300DFA04A /* Sources */,
				41E21F7E1F31E57300DFA04A /* Frameworks */,
				41E21F7F1F31E57300DFA04A /* Resources */,
				84D0AD37BF2F9B98A585CC32 /* [CP] Embed Pods Frameworks */,
				1B780862B759904113D4DF68 /* [CP] Copy Pods Resources */,
			);
			buildRules = (
			);
			dependencies = (
			);
			name = TolleyApp;
			productName = TolleyApp;
			productReference = 41E21F811F31E57300DFA04A /* TolleyApp.app */;
			productType = "com.apple.product-type.application";
		};
/* End PBXNativeTarget section */

/* Begin PBXProject section */
		41E21F791F31E57300DFA04A /* Project object */ = {
			isa = PBXProject;
			attributes = {
				LastSwiftUpdateCheck = 0820;
				LastUpgradeCheck = 0820;
				ORGANIZATIONNAME = Devclan;
				TargetAttributes = {
					41E21F801F31E57300DFA04A = {
						CreatedOnToolsVersion = 8.2.1;
						LastSwiftMigration = 0820;
						ProvisioningStyle = Automatic;
					};
				};
			};
			buildConfigurationList = 41E21F7C1F31E57300DFA04A /* Build configuration list for PBXProject "TolleyApp" */;
			compatibilityVersion = "Xcode 3.2";
			developmentRegion = English;
			hasScannedForEncodings = 0;
			knownRegions = (
				en,
				Base,
			);
			mainGroup = 41E21F781F31E57300DFA04A;
			productRefGroup = 41E21F821F31E57300DFA04A /* Products */;
			projectDirPath = "";
			projectRoot = "";
			targets = (
				41E21F801F31E57300DFA04A /* TolleyApp */,
			);
		};
/* End PBXProject section */

/* Begin PBXResourcesBuildPhase section */
		41E21F7F1F31E57300DFA04A /* Resources */ = {
			isa = PBXResourcesBuildPhase;
			buildActionMask = 2147483647;
			files = (
				33A25FEA1F3E243F00AE104A /* AlertView.xib in Resources */,
				41E21F911F31E57300DFA04A /* LaunchScreen.storyboard in Resources */,
				4126C0ED1F3A111400D761B3 /* Main.storyboard in Resources */,
				41443B991F3CAC8000F22111 /* GoogleService-Info.plist in Resources */,
				41E21F8E1F31E57300DFA04A /* Assets.xcassets in Resources */,
				416B776A1F332BB9008D28B2 /* SearchItemTableViewCell.xib in Resources */,
				416B77601F330F16008D28B2 /* AllItemsCollectionViewCell.xib in Resources */,
			);
			runOnlyForDeploymentPostprocessing = 0;
		};
/* End PBXResourcesBuildPhase section */

/* Begin PBXShellScriptBuildPhase section */
		1B780862B759904113D4DF68 /* [CP] Copy Pods Resources */ = {
			isa = PBXShellScriptBuildPhase;
			buildActionMask = 2147483647;
			files = (
			);
			inputPaths = (
			);
			name = "[CP] Copy Pods Resources";
			outputPaths = (
			);
			runOnlyForDeploymentPostprocessing = 0;
			shellPath = /bin/sh;
			shellScript = "\"${SRCROOT}/Pods/Target Support Files/Pods-TolleyApp/Pods-TolleyApp-resources.sh\"\n";
			showEnvVarsInLog = 0;
		};
		84D0AD37BF2F9B98A585CC32 /* [CP] Embed Pods Frameworks */ = {
			isa = PBXShellScriptBuildPhase;
			buildActionMask = 2147483647;
			files = (
			);
			inputPaths = (
				"${SRCROOT}/Pods/Target Support Files/Pods-TolleyApp/Pods-TolleyApp-frameworks.sh",
				"${BUILT_PRODUCTS_DIR}/GTMSessionFetcher/GTMSessionFetcher.framework",
				"${BUILT_PRODUCTS_DIR}/GoogleToolboxForMac/GoogleToolboxForMac.framework",
				"${BUILT_PRODUCTS_DIR}/MBProgressHUD/MBProgressHUD.framework",
				"${BUILT_PRODUCTS_DIR}/SDWebImage/SDWebImage.framework",
				"${BUILT_PRODUCTS_DIR}/nanopb/nanopb.framework",
			);
			name = "[CP] Embed Pods Frameworks";
			outputPaths = (
				"${TARGET_BUILD_DIR}/${FRAMEWORKS_FOLDER_PATH}/GTMSessionFetcher.framework",
				"${TARGET_BUILD_DIR}/${FRAMEWORKS_FOLDER_PATH}/GoogleToolboxForMac.framework",
				"${TARGET_BUILD_DIR}/${FRAMEWORKS_FOLDER_PATH}/MBProgressHUD.framework",
				"${TARGET_BUILD_DIR}/${FRAMEWORKS_FOLDER_PATH}/SDWebImage.framework",
				"${TARGET_BUILD_DIR}/${FRAMEWORKS_FOLDER_PATH}/nanopb.framework",
			);
			runOnlyForDeploymentPostprocessing = 0;
			shellPath = /bin/sh;
			shellScript = "\"${SRCROOT}/Pods/Target Support Files/Pods-TolleyApp/Pods-TolleyApp-frameworks.sh\"\n";
			showEnvVarsInLog = 0;
		};
		CE50B03613118F5DF8F47A1D /* [CP] Check Pods Manifest.lock */ = {
			isa = PBXShellScriptBuildPhase;
			buildActionMask = 2147483647;
			files = (
			);
			inputPaths = (
				"${PODS_PODFILE_DIR_PATH}/Podfile.lock",
				"${PODS_ROOT}/Manifest.lock",
			);
			name = "[CP] Check Pods Manifest.lock";
			outputPaths = (
				"$(DERIVED_FILE_DIR)/Pods-TolleyApp-checkManifestLockResult.txt",
			);
			runOnlyForDeploymentPostprocessing = 0;
			shellPath = /bin/sh;
			shellScript = "diff \"${PODS_PODFILE_DIR_PATH}/Podfile.lock\" \"${PODS_ROOT}/Manifest.lock\" > /dev/null\nif [ $? != 0 ] ; then\n    # print error to STDERR\n    echo \"error: The sandbox is not in sync with the Podfile.lock. Run 'pod install' or update your CocoaPods installation.\" >&2\n    exit 1\nfi\n# This output is used by Xcode 'outputs' to avoid re-running this script phase.\necho \"SUCCESS\" > \"${SCRIPT_OUTPUT_FILE_0}\"\n";
			showEnvVarsInLog = 0;
		};
/* End PBXShellScriptBuildPhase section */

/* Begin PBXSourcesBuildPhase section */
		41E21F7D1F31E57300DFA04A /* Sources */ = {
			isa = PBXSourcesBuildPhase;
			buildActionMask = 2147483647;
			files = (
				41F407DF1F3B228400F319EA /* ProductViewController.swift in Sources */,
				41E21FA21F31F95100DFA04A /* CheckOutViewController.swift in Sources */,
				41E21F9D1F31F90700DFA04A /* SearchViewController.swift in Sources */,
				4132C3AE1F546719003910DD /* Storyboard.swift in Sources */,
				416B77691F332BB9008D28B2 /* SearchItemTableViewCell.swift in Sources */,
				415989ED1F3AEA6300C3C3B4 /* RegisterViewController.swift in Sources */,
				416B77631F3314CA008D28B2 /* ItemInfo.swift in Sources */,
				416B775F1F330F16008D28B2 /* AllItemsCollectionViewCell.swift in Sources */,
				4167E52E1F4FF7A500A63988 /* AppTabbarControllerView.swift in Sources */,
				41E21FA61F31F97000DFA04A /* AccountViewController.swift in Sources */,
				41E21F851F31E57300DFA04A /* AppDelegate.swift in Sources */,
				4167E5301F503FFD00A63988 /* HistroyTableViewCell.swift in Sources */,
				41BF342C1F7CC43200E2588D /* AboutViewController.swift in Sources */,
				33A25FEC1F3E247C00AE104A /* AlertView.swift in Sources */,
				41E21FA41F31F96100DFA04A /* HistoryViewController.swift in Sources */,
				41822AC61F34749D0030C1FA /* Trolley.swift in Sources */,
				41E21F9A1F31F7DF00DFA04A /* HomeViewController.swift in Sources */,
				416B77651F332975008D28B2 /* SearchProductViewController.swift in Sources */,
			);
			runOnlyForDeploymentPostprocessing = 0;
		};
/* End PBXSourcesBuildPhase section */

/* Begin PBXVariantGroup section */
		41E21F8F1F31E57300DFA04A /* LaunchScreen.storyboard */ = {
			isa = PBXVariantGroup;
			children = (
				41E21F901F31E57300DFA04A /* Base */,
			);
			name = LaunchScreen.storyboard;
			sourceTree = "<group>";
		};
/* End PBXVariantGroup section */

/* Begin XCBuildConfiguration section */
		41E21F931F31E57300DFA04A /* Debug */ = {
			isa = XCBuildConfiguration;
			buildSettings = {
				ALWAYS_SEARCH_USER_PATHS = NO;
				CLANG_ANALYZER_NONNULL = YES;
				CLANG_CXX_LANGUAGE_STANDARD = "gnu++0x";
				CLANG_CXX_LIBRARY = "libc++";
				CLANG_ENABLE_MODULES = YES;
				CLANG_ENABLE_OBJC_ARC = YES;
				CLANG_WARN_BOOL_CONVERSION = YES;
				CLANG_WARN_CONSTANT_CONVERSION = YES;
				CLANG_WARN_DIRECT_OBJC_ISA_USAGE = YES_ERROR;
				CLANG_WARN_DOCUMENTATION_COMMENTS = YES;
				CLANG_WARN_EMPTY_BODY = YES;
				CLANG_WARN_ENUM_CONVERSION = YES;
				CLANG_WARN_INFINITE_RECURSION = YES;
				CLANG_WARN_INT_CONVERSION = YES;
				CLANG_WARN_OBJC_ROOT_CLASS = YES_ERROR;
				CLANG_WARN_SUSPICIOUS_MOVE = YES;
				CLANG_WARN_UNREACHABLE_CODE = YES;
				CLANG_WARN__DUPLICATE_METHOD_MATCH = YES;
				"CODE_SIGN_IDENTITY[sdk=iphoneos*]" = "iPhone Developer";
				COPY_PHASE_STRIP = NO;
				DEBUG_INFORMATION_FORMAT = dwarf;
				ENABLE_STRICT_OBJC_MSGSEND = YES;
				ENABLE_TESTABILITY = YES;
				GCC_C_LANGUAGE_STANDARD = gnu99;
				GCC_DYNAMIC_NO_PIC = NO;
				GCC_NO_COMMON_BLOCKS = YES;
				GCC_OPTIMIZATION_LEVEL = 0;
				GCC_PREPROCESSOR_DEFINITIONS = (
					"DEBUG=1",
					"$(inherited)",
				);
				GCC_WARN_64_TO_32_BIT_CONVERSION = YES;
				GCC_WARN_ABOUT_RETURN_TYPE = YES_ERROR;
				GCC_WARN_UNDECLARED_SELECTOR = YES;
				GCC_WARN_UNINITIALIZED_AUTOS = YES_AGGRESSIVE;
				GCC_WARN_UNUSED_FUNCTION = YES;
				GCC_WARN_UNUSED_VARIABLE = YES;
				IPHONEOS_DEPLOYMENT_TARGET = 10.2;
				MTL_ENABLE_DEBUG_INFO = YES;
				ONLY_ACTIVE_ARCH = YES;
				SDKROOT = iphoneos;
				SWIFT_ACTIVE_COMPILATION_CONDITIONS = DEBUG;
				SWIFT_OPTIMIZATION_LEVEL = "-Onone";
				TARGETED_DEVICE_FAMILY = "1,2";
			};
			name = Debug;
		};
		41E21F941F31E57300DFA04A /* Release */ = {
			isa = XCBuildConfiguration;
			buildSettings = {
				ALWAYS_SEARCH_USER_PATHS = NO;
				CLANG_ANALYZER_NONNULL = YES;
				CLANG_CXX_LANGUAGE_STANDARD = "gnu++0x";
				CLANG_CXX_LIBRARY = "libc++";
				CLANG_ENABLE_MODULES = YES;
				CLANG_ENABLE_OBJC_ARC = YES;
				CLANG_WARN_BOOL_CONVERSION = YES;
				CLANG_WARN_CONSTANT_CONVERSION = YES;
				CLANG_WARN_DIRECT_OBJC_ISA_USAGE = YES_ERROR;
				CLANG_WARN_DOCUMENTATION_COMMENTS = YES;
				CLANG_WARN_EMPTY_BODY = YES;
				CLANG_WARN_ENUM_CONVERSION = YES;
				CLANG_WARN_INFINITE_RECURSION = YES;
				CLANG_WARN_INT_CONVERSION = YES;
				CLANG_WARN_OBJC_ROOT_CLASS = YES_ERROR;
				CLANG_WARN_SUSPICIOUS_MOVE = YES;
				CLANG_WARN_UNREACHABLE_CODE = YES;
				CLANG_WARN__DUPLICATE_METHOD_MATCH = YES;
				"CODE_SIGN_IDENTITY[sdk=iphoneos*]" = "iPhone Developer";
				COPY_PHASE_STRIP = NO;
				DEBUG_INFORMATION_FORMAT = "dwarf-with-dsym";
				ENABLE_NS_ASSERTIONS = NO;
				ENABLE_STRICT_OBJC_MSGSEND = YES;
				GCC_C_LANGUAGE_STANDARD = gnu99;
				GCC_NO_COMMON_BLOCKS = YES;
				GCC_WARN_64_TO_32_BIT_CONVERSION = YES;
				GCC_WARN_ABOUT_RETURN_TYPE = YES_ERROR;
				GCC_WARN_UNDECLARED_SELECTOR = YES;
				GCC_WARN_UNINITIALIZED_AUTOS = YES_AGGRESSIVE;
				GCC_WARN_UNUSED_FUNCTION = YES;
				GCC_WARN_UNUSED_VARIABLE = YES;
				IPHONEOS_DEPLOYMENT_TARGET = 10.2;
				MTL_ENABLE_DEBUG_INFO = NO;
				SDKROOT = iphoneos;
				SWIFT_OPTIMIZATION_LEVEL = "-Owholemodule";
				TARGETED_DEVICE_FAMILY = "1,2";
				VALIDATE_PRODUCT = YES;
			};
			name = Release;
		};
		41E21F961F31E57300DFA04A /* Debug */ = {
			isa = XCBuildConfiguration;
			baseConfigurationReference = 8793316C5C0A51DDF53D232F /* Pods-TolleyApp.debug.xcconfig */;
			buildSettings = {
				ASSETCATALOG_COMPILER_APPICON_NAME = AppIcon;
				CLANG_ENABLE_MODULES = YES;
				INFOPLIST_FILE = TolleyApp/Info.plist;
				IPHONEOS_DEPLOYMENT_TARGET = 10.0;
				LD_RUNPATH_SEARCH_PATHS = "$(inherited) @executable_path/Frameworks";
				PRODUCT_BUNDLE_IDENTIFIER = com.devclan.TolleyApp;
				PRODUCT_NAME = "$(TARGET_NAME)";
				SWIFT_OBJC_BRIDGING_HEADER = "TolleyApp/TolleyApp-Bridging-Header.h";
				SWIFT_OPTIMIZATION_LEVEL = "-Onone";
				SWIFT_VERSION = 3.0;
				TARGETED_DEVICE_FAMILY = "1,2";
			};
			name = Debug;
		};
		41E21F971F31E57300DFA04A /* Release */ = {
			isa = XCBuildConfiguration;
			baseConfigurationReference = 412C95189C550C436960499D /* Pods-TolleyApp.release.xcconfig */;
			buildSettings = {
				ASSETCATALOG_COMPILER_APPICON_NAME = AppIcon;
				CLANG_ENABLE_MODULES = YES;
				INFOPLIST_FILE = TolleyApp/Info.plist;
				IPHONEOS_DEPLOYMENT_TARGET = 10.0;
				LD_RUNPATH_SEARCH_PATHS = "$(inherited) @executable_path/Frameworks";
				PRODUCT_BUNDLE_IDENTIFIER = com.devclan.TolleyApp;
				PRODUCT_NAME = "$(TARGET_NAME)";
				SWIFT_OBJC_BRIDGING_HEADER = "TolleyApp/TolleyApp-Bridging-Header.h";
				SWIFT_VERSION = 3.0;
				TARGETED_DEVICE_FAMILY = "1,2";
			};
			name = Release;
		};
/* End XCBuildConfiguration section */

/* Begin XCConfigurationList section */
		41E21F7C1F31E57300DFA04A /* Build configuration list for PBXProject "TolleyApp" */ = {
			isa = XCConfigurationList;
			buildConfigurations = (
				41E21F931F31E57300DFA04A /* Debug */,
				41E21F941F31E57300DFA04A /* Release */,
			);
			defaultConfigurationIsVisible = 0;
			defaultConfigurationName = Release;
		};
		41E21F951F31E57300DFA04A /* Build configuration list for PBXNativeTarget "TolleyApp" */ = {
			isa = XCConfigurationList;
			buildConfigurations = (
				41E21F961F31E57300DFA04A /* Debug */,
				41E21F971F31E57300DFA04A /* Release */,
			);
			defaultConfigurationIsVisible = 0;
			defaultConfigurationName = Release;
		};
/* End XCConfigurationList section */
	};
	rootObject = 41E21F791F31E57300DFA04A /* Project object */;
}
